
Microsoft Visual Studio Solution File, Format Version 12.00
# Visual Studio Version 16
VisualStudioVersion = 16.0.32510.428
MinimumVisualStudioVersion = 10.0.40219.1
Project("{C9674DCB-5085-4A16-B785-4C70DD1589BD}") = "Lab2", "Lab2\Lab2.dtproj", "{B2145179-05FB-4443-9D0D-5655D4276940}"
EndProject
Global
	GlobalSection(SolutionConfigurationPlatforms) = preSolution
		Development|Default = Development|Default
	EndGlobalSection
	GlobalSection(ProjectConfigurationPlatforms) = postSolution
		{B2145179-05FB-4443-9D0D-5655D4276940}.Development|Default.ActiveCfg = Development
		{B2145179-05FB-4443-9D0D-5655D4276940}.Development|Default.Build.0 = Development
	EndGlobalSection
	GlobalSection(SolutionProperties) = preSolution
		HideSolutionNode = FALSE
	EndGlobalSection
	GlobalSection(ExtensibilityGlobals) = postSolution
		SolutionGuid = {2BDD777E-28D4-4381-9754-FCD5CA21E7BC}
	EndGlobalSection
EndGlobal
